// !$*UTF8*$!
{
	archiveVersion = 1;
	classes = {
	};
	objectVersion = 77;
	objects = {

/* Begin PBXContainerItemProxy section */
		4FEC8AF72CE9912500BC22BE /* PBXContainerItemProxy */ = {
			isa = PBXContainerItemProxy;
			containerPortal = 4FEC8ADE2CE9912400BC22BE /* Project object */;
			proxyType = 1;
			remoteGlobalIDString = 4FEC8AE52CE9912400BC22BE;
			remoteInfo = MapPainterMobile;
		};
		4FEC8B012CE9912500BC22BE /* PBXContainerItemProxy */ = {
			isa = PBXContainerItemProxy;
			containerPortal = 4FEC8ADE2CE9912400BC22BE /* Project object */;
			proxyType = 1;
			remoteGlobalIDString = 4FEC8AE52CE9912400BC22BE;
			remoteInfo = MapPainterMobile;
		};
/* End PBXContainerItemProxy section */

/* Begin PBXFileReference section */
		4FEC8AE62CE9912400BC22BE /* MapPainterMobile.app */ = {isa = PBXFileReference; explicitFileType = wrapper.application; includeInIndex = 0; path = MapPainterMobile.app; sourceTree = BUILT_PRODUCTS_DIR; };
		4FEC8AF62CE9912500BC22BE /* MapPainterMobileTests.xctest */ = {isa = PBXFileReference; explicitFileType = wrapper.cfbundle; includeInIndex = 0; path = MapPainterMobileTests.xctest; sourceTree = BUILT_PRODUCTS_DIR; };
		4FEC8B002CE9912500BC22BE /* MapPainterMobileUITests.xctest */ = {isa = PBXFileReference; explicitFileType = wrapper.cfbundle; includeInIndex = 0; path = MapPainterMobileUITests.xctest; sourceTree = BUILT_PRODUCTS_DIR; };
/* End PBXFileReference section */

/* Begin PBXFileSystemSynchronizedRootGroup section */
		4FEC8AE82CE9912400BC22BE /* MapPainterMobile */ = {
			isa = PBXFileSystemSynchronizedRootGroup;
			path = MapPainterMobile;
			sourceTree = "<group>";
		};
		4FEC8AF92CE9912500BC22BE /* MapPainterMobileTests */ = {
			isa = PBXFileSystemSynchronizedRootGroup;
			path = MapPainterMobileTests;
			sourceTree = "<group>";
		};
		4FEC8B032CE9912500BC22BE /* MapPainterMobileUITests */ = {
			isa = PBXFileSystemSynchronizedRootGroup;
			path = MapPainterMobileUITests;
			sourceTree = "<group>";
		};
/* End PBXFileSystemSynchronizedRootGroup section */

/* Begin PBXFrameworksBuildPhase section */
		4FEC8AE32CE9912400BC22BE /* Frameworks */ = {
			isa = PBXFrameworksBuildPhase;
			buildActionMask = 2147483647;
			files = (
			);
			runOnlyForDeploymentPostprocessing = 0;
		};
		4FEC8AF32CE9912500BC22BE /* Frameworks */ = {
			isa = PBXFrameworksBuildPhase;
			buildActionMask = 2147483647;
			files = (
			);
			runOnlyForDeploymentPostprocessing = 0;
		};
		4FEC8AFD2CE9912500BC22BE /* Frameworks */ = {
			isa = PBXFrameworksBuildPhase;
			buildActionMask = 2147483647;
			files = (
			);
			runOnlyForDeploymentPostprocessing = 0;
		};
/* End PBXFrameworksBuildPhase section */

/* Begin PBXGroup section */
		4FEC8ADD2CE9912400BC22BE = {
			isa = PBXGroup;
			children = (
				4FEC8AE82CE9912400BC22BE /* MapPainterMobile */,
				4FEC8AF92CE9912500BC22BE /* MapPainterMobileTests */,
				4FEC8B032CE9912500BC22BE /* MapPainterMobileUITests */,
				4FEC8AE72CE9912400BC22BE /* Products */,
			);
			sourceTree = "<group>";
		};
		4FEC8AE72CE9912400BC22BE /* Products */ = {
			isa = PBXGroup;
			children = (
				4FEC8AE62CE9912400BC22BE /* MapPainterMobile.app */,
				4FEC8AF62CE9912500BC22BE /* MapPainterMobileTests.xctest */,
				4FEC8B002CE9912500BC22BE /* MapPainterMobileUITests.xctest */,
			);
			name = Products;
			sourceTree = "<group>";
		};
/* End PBXGroup section */

/* Begin PBXNativeTarget section */
		4FEC8AE52CE9912400BC22BE /* MapPainterMobile */ = {
			isa = PBXNativeTarget;
			buildConfigurationList = 4FEC8B0A2CE9912500BC22BE /* Build configuration list for PBXNativeTarget "MapPainterMobile" */;
			buildPhases = (
				4FEC8AE22CE9912400BC22BE /* Sources */,
				4FEC8AE32CE9912400BC22BE /* Frameworks */,
				4FEC8AE42CE9912400BC22BE /* Resources */,
			);
			buildRules = (
			);
			dependencies = (
			);
			fileSystemSynchronizedGroups = (
				4FEC8AE82CE9912400BC22BE /* MapPainterMobile */,
			);
			name = MapPainterMobile;
			packageProductDependencies = (
			);
			productName = MapPainterMobile;
			productReference = 4FEC8AE62CE9912400BC22BE /* MapPainterMobile.app */;
			productType = "com.apple.product-type.application";
		};
		4FEC8AF52CE9912500BC22BE /* MapPainterMobileTests */ = {
			isa = PBXNativeTarget;
			buildConfigurationList = 4FEC8B0D2CE9912500BC22BE /* Build configuration list for PBXNativeTarget "MapPainterMobileTests" */;
			buildPhases = (
				4FEC8AF22CE9912500BC22BE /* Sources */,
				4FEC8AF32CE9912500BC22BE /* Frameworks */,
				4FEC8AF42CE9912500BC22BE /* Resources */,
			);
			buildRules = (
			);
			dependencies = (
				4FEC8AF82CE9912500BC22BE /* PBXTargetDependency */,
			);
			fileSystemSynchronizedGroups = (
				4FEC8AF92CE9912500BC22BE /* MapPainterMobileTests */,
			);
			name = MapPainterMobileTests;
			packageProductDependencies = (
			);
			productName = MapPainterMobileTests;
			productReference = 4FEC8AF62CE9912500BC22BE /* MapPainterMobileTests.xctest */;
			productType = "com.apple.product-type.bundle.unit-test";
		};
		4FEC8AFF2CE9912500BC22BE /* MapPainterMobileUITests */ = {
			isa = PBXNativeTarget;
			buildConfigurationList = 4FEC8B102CE9912500BC22BE /* Build configuration list for PBXNativeTarget "MapPainterMobileUITests" */;
			buildPhases = (
				4FEC8AFC2CE9912500BC22BE /* Sources */,
				4FEC8AFD2CE9912500BC22BE /* Frameworks */,
				4FEC8AFE2CE9912500BC22BE /* Resources */,
			);
			buildRules = (
			);
			dependencies = (
				4FEC8B022CE9912500BC22BE /* PBXTargetDependency */,
			);
			fileSystemSynchronizedGroups = (
				4FEC8B032CE9912500BC22BE /* MapPainterMobileUITests */,
			);
			name = MapPainterMobileUITests;
			packageProductDependencies = (
			);
			productName = MapPainterMobileUITests;
			productReference = 4FEC8B002CE9912500BC22BE /* MapPainterMobileUITests.xctest */;
			productType = "com.apple.product-type.bundle.ui-testing";
		};
/* End PBXNativeTarget section */

/* Begin PBXProject section */
		4FEC8ADE2CE9912400BC22BE /* Project object */ = {
			isa = PBXProject;
			attributes = {
				BuildIndependentTargetsInParallel = 1;
				LastSwiftUpdateCheck = 1610;
				LastUpgradeCheck = 1610;
				TargetAttributes = {
					4FEC8AE52CE9912400BC22BE = {
						CreatedOnToolsVersion = 16.1;
					};
					4FEC8AF52CE9912500BC22BE = {
						CreatedOnToolsVersion = 16.1;
						TestTargetID = 4FEC8AE52CE9912400BC22BE;
					};
					4FEC8AFF2CE9912500BC22BE = {
						CreatedOnToolsVersion = 16.1;
						TestTargetID = 4FEC8AE52CE9912400BC22BE;
					};
				};
			};
			buildConfigurationList = 4FEC8AE12CE9912400BC22BE /* Build configuration list for PBXProject "MapPainterMobile" */;
			developmentRegion = en;
			hasScannedForEncodings = 0;
			knownRegions = (
				en,
				Base,
			);
			mainGroup = 4FEC8ADD2CE9912400BC22BE;
			minimizedProjectReferenceProxies = 1;
			preferredProjectObjectVersion = 77;
			productRefGroup = 4FEC8AE72CE9912400BC22BE /* Products */;
			projectDirPath = "";
			projectRoot = "";
			targets = (
				4FEC8AE52CE9912400BC22BE /* MapPainterMobile */,
				4FEC8AF52CE9912500BC22BE /* MapPainterMobileTests */,
				4FEC8AFF2CE9912500BC22BE /* MapPainterMobileUITests */,
			);
		};
/* End PBXProject section */

/* Begin PBXResourcesBuildPhase section */
		4FEC8AE42CE9912400BC22BE /* Resources */ = {
			isa = PBXResourcesBuildPhase;
			buildActionMask = 2147483647;
			files = (
			);
			runOnlyForDeploymentPostprocessing = 0;
		};
		4FEC8AF42CE9912500BC22BE /* Resources */ = {
			isa = PBXResourcesBuildPhase;
			buildActionMask = 2147483647;
			files = (
			);
			runOnlyForDeploymentPostprocessing = 0;
		};
		4FEC8AFE2CE9912500BC22BE /* Resources */ = {
			isa = PBXResourcesBuildPhase;
			buildActionMask = 2147483647;
			files = (
			);
			runOnlyForDeploymentPostprocessing = 0;
		};
/* End PBXResourcesBuildPhase section */

/* Begin PBXSourcesBuildPhase section */
		4FEC8AE22CE9912400BC22BE /* Sources */ = {
			isa = PBXSourcesBuildPhase;
			buildActionMask = 2147483647;
			files = (
			);
			runOnlyForDeploymentPostprocessing = 0;
		};
		4FEC8AF22CE9912500BC22BE /* Sources */ = {
			isa = PBXSourcesBuildPhase;
			buildActionMask = 2147483647;
			files = (
			);
			runOnlyForDeploymentPostprocessing = 0;
		};
		4FEC8AFC2CE9912500BC22BE /* Sources */ = {
			isa = PBXSourcesBuildPhase;
			buildActionMask = 2147483647;
			files = (
			);
			runOnlyForDeploymentPostprocessing = 0;
		};
/* End PBXSourcesBuildPhase section */

/* Begin PBXTargetDependency section */
		4FEC8AF82CE9912500BC22BE /* PBXTargetDependency */ = {
			isa = PBXTargetDependency;
			target = 4FEC8AE52CE9912400BC22BE /* MapPainterMobile */;
			targetProxy = 4FEC8AF72CE9912500BC22BE /* PBXContainerItemProxy */;
		};
		4FEC8B022CE9912500BC22BE /* PBXTargetDependency */ = {
			isa = PBXTargetDependency;
			target = 4FEC8AE52CE9912400BC22BE /* MapPainterMobile */;
			targetProxy = 4FEC8B012CE9912500BC22BE /* PBXContainerItemProxy */;
		};
/* End PBXTargetDependency section */

/* Begin XCBuildConfiguration section */
		4FEC8B082CE9912500BC22BE /* Debug */ = {
			isa = XCBuildConfiguration;
			buildSettings = {
				ALWAYS_SEARCH_USER_PATHS = NO;
				ASSETCATALOG_COMPILER_GENERATE_SWIFT_ASSET_SYMBOL_EXTENSIONS = YES;
				CLANG_ANALYZER_NONNULL = YES;
				CLANG_ANALYZER_NUMBER_OBJECT_CONVERSION = YES_AGGRESSIVE;
				CLANG_CXX_LANGUAGE_STANDARD = "gnu++20";
				CLANG_ENABLE_MODULES = YES;
				CLANG_ENABLE_OBJC_ARC = YES;
				CLANG_ENABLE_OBJC_WEAK = YES;
				CLANG_WARN_BLOCK_CAPTURE_AUTORELEASING = YES;
				CLANG_WARN_BOOL_CONVERSION = YES;
				CLANG_WARN_COMMA = YES;
				CLANG_WARN_CONSTANT_CONVERSION = YES;
				CLANG_WARN_DEPRECATED_OBJC_IMPLEMENTATIONS = YES;
				CLANG_WARN_DIRECT_OBJC_ISA_USAGE = YES_ERROR;
				CLANG_WARN_DOCUMENTATION_COMMENTS = YES;
				CLANG_WARN_EMPTY_BODY = YES;
				CLANG_WARN_ENUM_CONVERSION = YES;
				CLANG_WARN_INFINITE_RECURSION = YES;
				CLANG_WARN_INT_CONVERSION = YES;
				CLANG_WARN_NON_LITERAL_NULL_CONVERSION = YES;
				CLANG_WARN_OBJC_IMPLICIT_RETAIN_SELF = YES;
				CLANG_WARN_OBJC_LITERAL_CONVERSION = YES;
				CLANG_WARN_OBJC_ROOT_CLASS = YES_ERROR;
				CLANG_WARN_QUOTED_INCLUDE_IN_FRAMEWORK_HEADER = YES;
				CLANG_WARN_RANGE_LOOP_ANALYSIS = YES;
				CLANG_WARN_STRICT_PROTOTYPES = YES;
				CLANG_WARN_SUSPICIOUS_MOVE = YES;
				CLANG_WARN_UNGUARDED_AVAILABILITY = YES_AGGRESSIVE;
				CLANG_WARN_UNREACHABLE_CODE = YES;
				CLANG_WARN__DUPLICATE_METHOD_MATCH = YES;
				COPY_PHASE_STRIP = NO;
				DEBUG_INFORMATION_FORMAT = dwarf;
				ENABLE_STRICT_OBJC_MSGSEND = YES;
				ENABLE_TESTABILITY = YES;
				ENABLE_USER_SCRIPT_SANDBOXING = YES;
				GCC_C_LANGUAGE_STANDARD = gnu17;
				GCC_DYNAMIC_NO_PIC = NO;
				GCC_NO_COMMON_BLOCKS = YES;
				GCC_OPTIMIZATION_LEVEL = 0;
				GCC_PREPROCESSOR_DEFINITIONS = (
					"DEBUG=1",
					"$(inherited)",
				);
				GCC_WARN_64_TO_32_BIT_CONVERSION = YES;
				GCC_WARN_ABOUT_RETURN_TYPE = YES_ERROR;
				GCC_WARN_UNDECLARED_SELECTOR = YES;
				GCC_WARN_UNINITIALIZED_AUTOS = YES_AGGRESSIVE;
				GCC_WARN_UNUSED_FUNCTION = YES;
				GCC_WARN_UNUSED_VARIABLE = YES;
				IPHONEOS_DEPLOYMENT_TARGET = 18.1;
				LOCALIZATION_PREFERS_STRING_CATALOGS = YES;
				MTL_ENABLE_DEBUG_INFO = INCLUDE_SOURCE;
				MTL_FAST_MATH = YES;
				ONLY_ACTIVE_ARCH = YES;
				SDKROOT = iphoneos;
				SWIFT_ACTIVE_COMPILATION_CONDITIONS = "DEBUG $(inherited)";
				SWIFT_OPTIMIZATION_LEVEL = "-Onone";
			};
			name = Debug;
		};
		4FEC8B092CE9912500BC22BE /* Release */ = {
			isa = XCBuildConfiguration;
			buildSettings = {
				ALWAYS_SEARCH_USER_PATHS = NO;
				ASSETCATALOG_COMPILER_GENERATE_SWIFT_ASSET_SYMBOL_EXTENSIONS = YES;
				CLANG_ANALYZER_NONNULL = YES;
				CLANG_ANALYZER_NUMBER_OBJECT_CONVERSION = YES_AGGRESSIVE;
				CLANG_CXX_LANGUAGE_STANDARD = "gnu++20";
				CLANG_ENABLE_MODULES = YES;
				CLANG_ENABLE_OBJC_ARC = YES;
				CLANG_ENABLE_OBJC_WEAK = YES;
				CLANG_WARN_BLOCK_CAPTURE_AUTORELEASING = YES;
				CLANG_WARN_BOOL_CONVERSION = YES;
				CLANG_WARN_COMMA = YES;
				CLANG_WARN_CONSTANT_CONVERSION = YES;
				CLANG_WARN_DEPRECATED_OBJC_IMPLEMENTATIONS = YES;
				CLANG_WARN_DIRECT_OBJC_ISA_USAGE = YES_ERROR;
				CLANG_WARN_DOCUMENTATION_COMMENTS = YES;
				CLANG_WARN_EMPTY_BODY = YES;
				CLANG_WARN_ENUM_CONVERSION = YES;
				CLANG_WARN_INFINITE_RECURSION = YES;
				CLANG_WARN_INT_CONVERSION = YES;
				CLANG_WARN_NON_LITERAL_NULL_CONVERSION = YES;
				CLANG_WARN_OBJC_IMPLICIT_RETAIN_SELF = YES;
				CLANG_WARN_OBJC_LITERAL_CONVERSION = YES;
				CLANG_WARN_OBJC_ROOT_CLASS = YES_ERROR;
				CLANG_WARN_QUOTED_INCLUDE_IN_FRAMEWORK_HEADER = YES;
				CLANG_WARN_RANGE_LOOP_ANALYSIS = YES;
				CLANG_WARN_STRICT_PROTOTYPES = YES;
				CLANG_WARN_SUSPICIOUS_MOVE = YES;
				CLANG_WARN_UNGUARDED_AVAILABILITY = YES_AGGRESSIVE;
				CLANG_WARN_UNREACHABLE_CODE = YES;
				CLANG_WARN__DUPLICATE_METHOD_MATCH = YES;
				COPY_PHASE_STRIP = NO;
				DEBUG_INFORMATION_FORMAT = "dwarf-with-dsym";
				ENABLE_NS_ASSERTIONS = NO;
				ENABLE_STRICT_OBJC_MSGSEND = YES;
				ENABLE_USER_SCRIPT_SANDBOXING = YES;
				GCC_C_LANGUAGE_STANDARD = gnu17;
				GCC_NO_COMMON_BLOCKS = YES;
				GCC_WARN_64_TO_32_BIT_CONVERSION = YES;
				GCC_WARN_ABOUT_RETURN_TYPE = YES_ERROR;
				GCC_WARN_UNDECLARED_SELECTOR = YES;
				GCC_WARN_UNINITIALIZED_AUTOS = YES_AGGRESSIVE;
				GCC_WARN_UNUSED_FUNCTION = YES;
				GCC_WARN_UNUSED_VARIABLE = YES;
				IPHONEOS_DEPLOYMENT_TARGET = 18.1;
				LOCALIZATION_PREFERS_STRING_CATALOGS = YES;
				MTL_ENABLE_DEBUG_INFO = NO;
				MTL_FAST_MATH = YES;
				SDKROOT = iphoneos;
				SWIFT_COMPILATION_MODE = wholemodule;
				VALIDATE_PRODUCT = YES;
			};
			name = Release;
		};
		4FEC8B0B2CE9912500BC22BE /* Debug */ = {
			isa = XCBuildConfiguration;
			buildSettings = {
				ASSETCATALOG_COMPILER_APPICON_NAME = AppIcon;
				ASSETCATALOG_COMPILER_GLOBAL_ACCENT_COLOR_NAME = AccentColor;
				CODE_SIGN_STYLE = Automatic;
				CURRENT_PROJECT_VERSION = 1;
				DEVELOPMENT_ASSET_PATHS = "\"MapPainterMobile/Preview Content\"";
				DEVELOPMENT_TEAM = M6KTDAA8V6;
				ENABLE_PREVIEWS = YES;
				GENERATE_INFOPLIST_FILE = YES;
				INFOPLIST_KEY_NSLocationWhenInUseUsageDescription = "We need your location to track the roads you’ve traveled.";
				INFOPLIST_KEY_UIApplicationSceneManifest_Generation = YES;
				INFOPLIST_KEY_UIApplicationSupportsIndirectInputEvents = YES;
				INFOPLIST_KEY_UILaunchScreen_Generation = YES;
				INFOPLIST_KEY_UISupportedInterfaceOrientations_iPad = "UIInterfaceOrientationPortrait UIInterfaceOrientationPortraitUpsideDown UIInterfaceOrientationLandscapeLeft UIInterfaceOrientationLandscapeRight";
				INFOPLIST_KEY_UISupportedInterfaceOrientations_iPhone = "UIInterfaceOrientationPortrait UIInterfaceOrientationLandscapeLeft UIInterfaceOrientationLandscapeRight";
				LD_RUNPATH_SEARCH_PATHS = (
					"$(inherited)",
					"@executable_path/Frameworks",
				);
				MARKETING_VERSION = 1.0;
				PRODUCT_BUNDLE_IDENTIFIER = com.Brian.MapPainter.MapPainterMobile;
				PRODUCT_NAME = "$(TARGET_NAME)";
				SWIFT_EMIT_LOC_STRINGS = YES;
				SWIFT_VERSION = 5.0;
				TARGETED_DEVICE_FAMILY = "1,2";
			};
			name = Debug;
		};
		4FEC8B0C2CE9912500BC22BE /* Release */ = {
			isa = XCBuildConfiguration;
			buildSettings = {
				ASSETCATALOG_COMPILER_APPICON_NAME = AppIcon;
				ASSETCATALOG_COMPILER_GLOBAL_ACCENT_COLOR_NAME = AccentColor;
				CODE_SIGN_STYLE = Automatic;
				CURRENT_PROJECT_VERSION = 1;
				DEVELOPMENT_ASSET_PATHS = "\"MapPainterMobile/Preview Content\"";
				DEVELOPMENT_TEAM = M6KTDAA8V6;
				ENABLE_PREVIEWS = YES;
				GENERATE_INFOPLIST_FILE = YES;
				INFOPLIST_KEY_NSLocationWhenInUseUsageDescription = "We need your location to track the roads you’ve traveled.";
				INFOPLIST_KEY_UIApplicationSceneManifest_Generation = YES;
				INFOPLIST_KEY_UIApplicationSupportsIndirectInputEvents = YES;
				INFOPLIST_KEY_UILaunchScreen_Generation = YES;
				INFOPLIST_KEY_UISupportedInterfaceOrientations_iPad = "UIInterfaceOrientationPortrait UIInterfaceOrientationPortraitUpsideDown UIInterfaceOrientationLandscapeLeft UIInterfaceOrientationLandscapeRight";
				INFOPLIST_KEY_UISupportedInterfaceOrientations_iPhone = "UIInterfaceOrientationPortrait UIInterfaceOrientationLandscapeLeft UIInterfaceOrientationLandscapeRight";
				LD_RUNPATH_SEARCH_PATHS = (
					"$(inherited)",
					"@executable_path/Frameworks",
				);
				MARKETING_VERSION = 1.0;
				PRODUCT_BUNDLE_IDENTIFIER = com.Brian.MapPainter.MapPainterMobile;
				PRODUCT_NAME = "$(TARGET_NAME)";
				SWIFT_EMIT_LOC_STRINGS = YES;
				SWIFT_VERSION = 5.0;
				TARGETED_DEVICE_FAMILY = "1,2";
			};
			name = Release;
		};
		4FEC8B0E2CE9912500BC22BE /* Debug */ = {
			isa = XCBuildConfiguration;
			buildSettings = {
				BUNDLE_LOADER = "$(TEST_HOST)";
				CODE_SIGN_STYLE = Automatic;
				CURRENT_PROJECT_VERSION = 1;
				DEVELOPMENT_TEAM = M6KTDAA8V6;
				GENERATE_INFOPLIST_FILE = YES;
				IPHONEOS_DEPLOYMENT_TARGET = 18.1;
				MARKETING_VERSION = 1.0;
				PRODUCT_BUNDLE_IDENTIFIER = com.Brian.MapPainter.MapPainterMobileTests;
				PRODUCT_NAME = "$(TARGET_NAME)";
				SWIFT_EMIT_LOC_STRINGS = NO;
				SWIFT_VERSION = 5.0;
				TARGETED_DEVICE_FAMILY = "1,2";
				TEST_HOST = "$(BUILT_PRODUCTS_DIR)/MapPainterMobile.app/$(BUNDLE_EXECUTABLE_FOLDER_PATH)/MapPainterMobile";
			};
			name = Debug;
		};
		4FEC8B0F2CE9912500BC22BE /* Release */ = {
			isa = XCBuildConfiguration;
			buildSettings = {
				BUNDLE_LOADER = "$(TEST_HOST)";
				CODE_SIGN_STYLE = Automatic;
				CURRENT_PROJECT_VERSION = 1;
				DEVELOPMENT_TEAM = M6KTDAA8V6;
				GENERATE_INFOPLIST_FILE = YES;
				IPHONEOS_DEPLOYMENT_TARGET = 18.1;
				MARKETING_VERSION = 1.0;
				PRODUCT_BUNDLE_IDENTIFIER = com.Brian.MapPainter.MapPainterMobileTests;
				PRODUCT_NAME = "$(TARGET_NAME)";
				SWIFT_EMIT_LOC_STRINGS = NO;
				SWIFT_VERSION = 5.0;
				TARGETED_DEVICE_FAMILY = "1,2";
				TEST_HOST = "$(BUILT_PRODUCTS_DIR)/MapPainterMobile.app/$(BUNDLE_EXECUTABLE_FOLDER_PATH)/MapPainterMobile";
			};
			name = Release;
		};
		4FEC8B112CE9912500BC22BE /* Debug */ = {
			isa = XCBuildConfiguration;
			buildSettings = {
				CODE_SIGN_STYLE = Automatic;
				CURRENT_PROJECT_VERSION = 1;
				DEVELOPMENT_TEAM = M6KTDAA8V6;
				GENERATE_INFOPLIST_FILE = YES;
				MARKETING_VERSION = 1.0;
				PRODUCT_BUNDLE_IDENTIFIER = com.Brian.MapPainter.MapPainterMobileUITests;
				PRODUCT_NAME = "$(TARGET_NAME)";
				SWIFT_EMIT_LOC_STRINGS = NO;
				SWIFT_VERSION = 5.0;
				TARGETED_DEVICE_FAMILY = "1,2";
				TEST_TARGET_NAME = MapPainterMobile;
			};
			name = Debug;
		};
		4FEC8B122CE9912500BC22BE /* Release */ = {
			isa = XCBuildConfiguration;
			buildSettings = {
				CODE_SIGN_STYLE = Automatic;
				CURRENT_PROJECT_VERSION = 1;
				DEVELOPMENT_TEAM = M6KTDAA8V6;
				GENERATE_INFOPLIST_FILE = YES;
				MARKETING_VERSION = 1.0;
				PRODUCT_BUNDLE_IDENTIFIER = com.Brian.MapPainter.MapPainterMobileUITests;
				PRODUCT_NAME = "$(TARGET_NAME)";
				SWIFT_EMIT_LOC_STRINGS = NO;
				SWIFT_VERSION = 5.0;
				TARGETED_DEVICE_FAMILY = "1,2";
				TEST_TARGET_NAME = MapPainterMobile;
			};
			name = Release;
		};
/* End XCBuildConfiguration section */

/* Begin XCConfigurationList section */
		4FEC8AE12CE9912400BC22BE /* Build configuration list for PBXProject "MapPainterMobile" */ = {
			isa = XCConfigurationList;
			buildConfigurations = (
				4FEC8B082CE9912500BC22BE /* Debug */,
				4FEC8B092CE9912500BC22BE /* Release */,
			);
			defaultConfigurationIsVisible = 0;
			defaultConfigurationName = Release;
		};
		4FEC8B0A2CE9912500BC22BE /* Build configuration list for PBXNativeTarget "MapPainterMobile" */ = {
			isa = XCConfigurationList;
			buildConfigurations = (
				4FEC8B0B2CE9912500BC22BE /* Debug */,
				4FEC8B0C2CE9912500BC22BE /* Release */,
			);
			defaultConfigurationIsVisible = 0;
			defaultConfigurationName = Release;
		};
		4FEC8B0D2CE9912500BC22BE /* Build configuration list for PBXNativeTarget "MapPainterMobileTests" */ = {
			isa = XCConfigurationList;
			buildConfigurations = (
				4FEC8B0E2CE9912500BC22BE /* Debug */,
				4FEC8B0F2CE9912500BC22BE /* Release */,
			);
			defaultConfigurationIsVisible = 0;
			defaultConfigurationName = Release;
		};
		4FEC8B102CE9912500BC22BE /* Build configuration list for PBXNativeTarget "MapPainterMobileUITests" */ = {
			isa = XCConfigurationList;
			buildConfigurations = (
				4FEC8B112CE9912500BC22BE /* Debug */,
				4FEC8B122CE9912500BC22BE /* Release */,
			);
			defaultConfigurationIsVisible = 0;
			defaultConfigurationName = Release;
		};
/* End XCConfigurationList section */
	};
	rootObject = 4FEC8ADE2CE9912400BC22BE /* Project object */;
}
